
Microsoft Visual Studio Solution File, Format Version 12.00
# Visual Studio Version 17
VisualStudioVersion = 17.6.33723.286
MinimumVisualStudioVersion = 10.0.40219.1
Project("{FAE04EC0-301F-11D3-BF4B-00C04F79EFBC}") = "Walkway", "Walkway\Walkway.csproj", "{E7F20CF6-1A9D-42CD-AB57-E4A9D3CE85C3}"
EndProject
Project("{FAE04EC0-301F-11D3-BF4B-00C04F79EFBC}") = "Universal Drawing Tool", "Universal Drawing Tool\Universal Drawing Tool.csproj", "{586FAD54-BF99-4A06-8DFA-C3ED13C1B410}"
EndProject
Project("{FAE04EC0-301F-11D3-BF4B-00C04F79EFBC}") = "SolidWorks Add-In", "Solidworks Add-In\SolidWorks Add-In.csproj", "{3893762A-3CF1-46D5-81B8-245C0659D2BB}"
EndProject
Project("{FAE04EC0-301F-11D3-BF4B-00C04F79EFBC}") = "AddinInstaller", "Addin Installer\AddinInstaller.csproj", "{09432F0F-4769-47AD-861E-3A88E66EB86C}"
EndProject
Project("{FAE04EC0-301F-11D3-BF4B-00C04F79EFBC}") = "Hood", "Hood\Hood.csproj", "{7E6A3A9F-0348-4F9E-BC9A-DC929D613D31}"
EndProject
Project("{FAE04EC0-301F-11D3-BF4B-00C04F79EFBC}") = "ModelTools", "ModelTools\ModelTools.csproj", "{77F3A3A8-8977-4256-9601-46A60473CCC9}"
EndProject
Project("{FAE04EC0-301F-11D3-BF4B-00C04F79EFBC}") = "FileTools", "FileTools\FileTools.csproj", "{8A0435E0-E9A0-4083-864D-7563D7F829B2}"
EndProject
Project("{FAE04EC0-301F-11D3-BF4B-00C04F79EFBC}") = "Plenum", "Plenum\Plenum.csproj", "{D5899A85-9656-431E-9836-2849AEEEFEF7}"
EndProject
Project("{FAE04EC0-301F-11D3-BF4B-00C04F79EFBC}") = "UserInterface", "UserInterface\UserInterface.csproj", "{1E64E5B7-DB71-4D58-BD2F-269C20AD63CF}"
EndProject
Project("{FAE04EC0-301F-11D3-BF4B-00C04F79EFBC}") = "Testing", "Testing\Testing.csproj", "{52B3EBCF-49AF-45BD-897C-DDE1B7651D0B}"
EndProject
Project("{FAE04EC0-301F-11D3-BF4B-00C04F79EFBC}") = "AddInUpdater", "AddInUpdater\AddInUpdater.csproj", "{1B9A2B05-E9B3-42E2-923A-474DAFA42D70}"
EndProject
Project("{FAE04EC0-301F-11D3-BF4B-00C04F79EFBC}") = "AddInDllVersionControl", "AddInDllVersionControl\AddInDllVersionControl.csproj", "{AF4084BF-CEB8-425F-AC73-22873459B175}"
EndProject
Project("{FAE04EC0-301F-11D3-BF4B-00C04F79EFBC}") = "Structure", "Structure\Structure.csproj", "{B98B809C-BE32-417B-AEC4-4917A12B722E}"
EndProject
Project("{FAE04EC0-301F-11D3-BF4B-00C04F79EFBC}") = "Bounty", "Bounty\Bounty.csproj", "{1CDD1082-52A6-48A3-A5C0-0132999502D9}"
EndProject
Global
	GlobalSection(SolutionConfigurationPlatforms) = preSolution
		Debug|Any CPU = Debug|Any CPU
		Debug|x64 = Debug|x64
		Release|Any CPU = Release|Any CPU
		Release|x64 = Release|x64
	EndGlobalSection
	GlobalSection(ProjectConfigurationPlatforms) = postSolution
		{E7F20CF6-1A9D-42CD-AB57-E4A9D3CE85C3}.Debug|Any CPU.ActiveCfg = Debug|Any CPU
		{E7F20CF6-1A9D-42CD-AB57-E4A9D3CE85C3}.Debug|Any CPU.Build.0 = Debug|Any CPU
		{E7F20CF6-1A9D-42CD-AB57-E4A9D3CE85C3}.Debug|x64.ActiveCfg = Debug|Any CPU
		{E7F20CF6-1A9D-42CD-AB57-E4A9D3CE85C3}.Debug|x64.Build.0 = Debug|Any CPU
		{E7F20CF6-1A9D-42CD-AB57-E4A9D3CE85C3}.Release|Any CPU.ActiveCfg = Release|Any CPU
		{E7F20CF6-1A9D-42CD-AB57-E4A9D3CE85C3}.Release|Any CPU.Build.0 = Release|Any CPU
		{E7F20CF6-1A9D-42CD-AB57-E4A9D3CE85C3}.Release|x64.ActiveCfg = Release|Any CPU
		{E7F20CF6-1A9D-42CD-AB57-E4A9D3CE85C3}.Release|x64.Build.0 = Release|Any CPU
		{586FAD54-BF99-4A06-8DFA-C3ED13C1B410}.Debug|Any CPU.ActiveCfg = Debug|Any CPU
		{586FAD54-BF99-4A06-8DFA-C3ED13C1B410}.Debug|Any CPU.Build.0 = Debug|Any CPU
		{586FAD54-BF99-4A06-8DFA-C3ED13C1B410}.Debug|x64.ActiveCfg = Debug|Any CPU
		{586FAD54-BF99-4A06-8DFA-C3ED13C1B410}.Debug|x64.Build.0 = Debug|Any CPU
		{586FAD54-BF99-4A06-8DFA-C3ED13C1B410}.Release|Any CPU.ActiveCfg = Release|Any CPU
		{586FAD54-BF99-4A06-8DFA-C3ED13C1B410}.Release|Any CPU.Build.0 = Release|Any CPU
		{586FAD54-BF99-4A06-8DFA-C3ED13C1B410}.Release|x64.ActiveCfg = Release|Any CPU
		{586FAD54-BF99-4A06-8DFA-C3ED13C1B410}.Release|x64.Build.0 = Release|Any CPU
		{3893762A-3CF1-46D5-81B8-245C0659D2BB}.Debug|Any CPU.ActiveCfg = Debug|Any CPU
		{3893762A-3CF1-46D5-81B8-245C0659D2BB}.Debug|Any CPU.Build.0 = Debug|Any CPU
		{3893762A-3CF1-46D5-81B8-245C0659D2BB}.Debug|x64.ActiveCfg = Debug|Any CPU
		{3893762A-3CF1-46D5-81B8-245C0659D2BB}.Debug|x64.Build.0 = Debug|Any CPU
		{3893762A-3CF1-46D5-81B8-245C0659D2BB}.Release|Any CPU.ActiveCfg = Release|Any CPU
		{3893762A-3CF1-46D5-81B8-245C0659D2BB}.Release|Any CPU.Build.0 = Release|Any CPU
		{3893762A-3CF1-46D5-81B8-245C0659D2BB}.Release|x64.ActiveCfg = Release|Any CPU
		{3893762A-3CF1-46D5-81B8-245C0659D2BB}.Release|x64.Build.0 = Release|Any CPU
		{09432F0F-4769-47AD-861E-3A88E66EB86C}.Debug|Any CPU.ActiveCfg = Debug|Any CPU
		{09432F0F-4769-47AD-861E-3A88E66EB86C}.Debug|Any CPU.Build.0 = Debug|Any CPU
		{09432F0F-4769-47AD-861E-3A88E66EB86C}.Debug|x64.ActiveCfg = Debug|x64
		{09432F0F-4769-47AD-861E-3A88E66EB86C}.Debug|x64.Build.0 = Debug|x64
		{09432F0F-4769-47AD-861E-3A88E66EB86C}.Release|Any CPU.ActiveCfg = Release|Any CPU
		{09432F0F-4769-47AD-861E-3A88E66EB86C}.Release|Any CPU.Build.0 = Release|Any CPU
		{09432F0F-4769-47AD-861E-3A88E66EB86C}.Release|x64.ActiveCfg = Release|x64
		{09432F0F-4769-47AD-861E-3A88E66EB86C}.Release|x64.Build.0 = Release|x64
		{7E6A3A9F-0348-4F9E-BC9A-DC929D613D31}.Debug|Any CPU.ActiveCfg = Debug|Any CPU
		{7E6A3A9F-0348-4F9E-BC9A-DC929D613D31}.Debug|Any CPU.Build.0 = Debug|Any CPU
		{7E6A3A9F-0348-4F9E-BC9A-DC929D613D31}.Debug|x64.ActiveCfg = Debug|Any CPU
		{7E6A3A9F-0348-4F9E-BC9A-DC929D613D31}.Debug|x64.Build.0 = Debug|Any CPU
		{7E6A3A9F-0348-4F9E-BC9A-DC929D613D31}.Release|Any CPU.ActiveCfg = Release|Any CPU
		{7E6A3A9F-0348-4F9E-BC9A-DC929D613D31}.Release|Any CPU.Build.0 = Release|Any CPU
		{7E6A3A9F-0348-4F9E-BC9A-DC929D613D31}.Release|x64.ActiveCfg = Release|Any CPU
		{7E6A3A9F-0348-4F9E-BC9A-DC929D613D31}.Release|x64.Build.0 = Release|Any CPU
		{77F3A3A8-8977-4256-9601-46A60473CCC9}.Debug|Any CPU.ActiveCfg = Debug|Any CPU
		{77F3A3A8-8977-4256-9601-46A60473CCC9}.Debug|Any CPU.Build.0 = Debug|Any CPU
		{77F3A3A8-8977-4256-9601-46A60473CCC9}.Debug|x64.ActiveCfg = Debug|Any CPU
		{77F3A3A8-8977-4256-9601-46A60473CCC9}.Debug|x64.Build.0 = Debug|Any CPU
		{77F3A3A8-8977-4256-9601-46A60473CCC9}.Release|Any CPU.ActiveCfg = Release|Any CPU
		{77F3A3A8-8977-4256-9601-46A60473CCC9}.Release|Any CPU.Build.0 = Release|Any CPU
		{77F3A3A8-8977-4256-9601-46A60473CCC9}.Release|x64.ActiveCfg = Release|Any CPU
		{77F3A3A8-8977-4256-9601-46A60473CCC9}.Release|x64.Build.0 = Release|Any CPU
		{8A0435E0-E9A0-4083-864D-7563D7F829B2}.Debug|Any CPU.ActiveCfg = Debug|Any CPU
		{8A0435E0-E9A0-4083-864D-7563D7F829B2}.Debug|Any CPU.Build.0 = Debug|Any CPU
		{8A0435E0-E9A0-4083-864D-7563D7F829B2}.Debug|x64.ActiveCfg = Debug|Any CPU
		{8A0435E0-E9A0-4083-864D-7563D7F829B2}.Debug|x64.Build.0 = Debug|Any CPU
		{8A0435E0-E9A0-4083-864D-7563D7F829B2}.Release|Any CPU.ActiveCfg = Release|Any CPU
		{8A0435E0-E9A0-4083-864D-7563D7F829B2}.Release|Any CPU.Build.0 = Release|Any CPU
		{8A0435E0-E9A0-4083-864D-7563D7F829B2}.Release|x64.ActiveCfg = Release|Any CPU
		{8A0435E0-E9A0-4083-864D-7563D7F829B2}.Release|x64.Build.0 = Release|Any CPU
		{D5899A85-9656-431E-9836-2849AEEEFEF7}.Debug|Any CPU.ActiveCfg = Debug|Any CPU
		{D5899A85-9656-431E-9836-2849AEEEFEF7}.Debug|Any CPU.Build.0 = Debug|Any CPU
		{D5899A85-9656-431E-9836-2849AEEEFEF7}.Debug|x64.ActiveCfg = Debug|Any CPU
		{D5899A85-9656-431E-9836-2849AEEEFEF7}.Debug|x64.Build.0 = Debug|Any CPU
		{D5899A85-9656-431E-9836-2849AEEEFEF7}.Release|Any CPU.ActiveCfg = Release|Any CPU
		{D5899A85-9656-431E-9836-2849AEEEFEF7}.Release|Any CPU.Build.0 = Release|Any CPU
		{D5899A85-9656-431E-9836-2849AEEEFEF7}.Release|x64.ActiveCfg = Release|Any CPU
		{D5899A85-9656-431E-9836-2849AEEEFEF7}.Release|x64.Build.0 = Release|Any CPU
		{1E64E5B7-DB71-4D58-BD2F-269C20AD63CF}.Debug|Any CPU.ActiveCfg = Debug|Any CPU
		{1E64E5B7-DB71-4D58-BD2F-269C20AD63CF}.Debug|Any CPU.Build.0 = Debug|Any CPU
		{1E64E5B7-DB71-4D58-BD2F-269C20AD63CF}.Debug|x64.ActiveCfg = Debug|Any CPU
		{1E64E5B7-DB71-4D58-BD2F-269C20AD63CF}.Debug|x64.Build.0 = Debug|Any CPU
		{1E64E5B7-DB71-4D58-BD2F-269C20AD63CF}.Release|Any CPU.ActiveCfg = Release|Any CPU
		{1E64E5B7-DB71-4D58-BD2F-269C20AD63CF}.Release|Any CPU.Build.0 = Release|Any CPU
		{1E64E5B7-DB71-4D58-BD2F-269C20AD63CF}.Release|x64.ActiveCfg = Release|Any CPU
		{1E64E5B7-DB71-4D58-BD2F-269C20AD63CF}.Release|x64.Build.0 = Release|Any CPU
		{52B3EBCF-49AF-45BD-897C-DDE1B7651D0B}.Debug|Any CPU.ActiveCfg = Debug|Any CPU
		{52B3EBCF-49AF-45BD-897C-DDE1B7651D0B}.Debug|Any CPU.Build.0 = Debug|Any CPU
		{52B3EBCF-49AF-45BD-897C-DDE1B7651D0B}.Debug|x64.ActiveCfg = Debug|Any CPU
		{52B3EBCF-49AF-45BD-897C-DDE1B7651D0B}.Debug|x64.Build.0 = Debug|Any CPU
		{52B3EBCF-49AF-45BD-897C-DDE1B7651D0B}.Release|Any CPU.ActiveCfg = Release|Any CPU
		{52B3EBCF-49AF-45BD-897C-DDE1B7651D0B}.Release|Any CPU.Build.0 = Release|Any CPU
		{52B3EBCF-49AF-45BD-897C-DDE1B7651D0B}.Release|x64.ActiveCfg = Release|Any CPU
		{52B3EBCF-49AF-45BD-897C-DDE1B7651D0B}.Release|x64.Build.0 = Release|Any CPU
		{1B9A2B05-E9B3-42E2-923A-474DAFA42D70}.Debug|Any CPU.ActiveCfg = Debug|Any CPU
		{1B9A2B05-E9B3-42E2-923A-474DAFA42D70}.Debug|Any CPU.Build.0 = Debug|Any CPU
		{1B9A2B05-E9B3-42E2-923A-474DAFA42D70}.Debug|x64.ActiveCfg = Debug|Any CPU
		{1B9A2B05-E9B3-42E2-923A-474DAFA42D70}.Debug|x64.Build.0 = Debug|Any CPU
		{1B9A2B05-E9B3-42E2-923A-474DAFA42D70}.Release|Any CPU.ActiveCfg = Release|Any CPU
		{1B9A2B05-E9B3-42E2-923A-474DAFA42D70}.Release|Any CPU.Build.0 = Release|Any CPU
		{1B9A2B05-E9B3-42E2-923A-474DAFA42D70}.Release|x64.ActiveCfg = Release|Any CPU
		{1B9A2B05-E9B3-42E2-923A-474DAFA42D70}.Release|x64.Build.0 = Release|Any CPU
		{AF4084BF-CEB8-425F-AC73-22873459B175}.Debug|Any CPU.ActiveCfg = Debug|Any CPU
		{AF4084BF-CEB8-425F-AC73-22873459B175}.Debug|Any CPU.Build.0 = Debug|Any CPU
		{AF4084BF-CEB8-425F-AC73-22873459B175}.Debug|x64.ActiveCfg = Debug|Any CPU
		{AF4084BF-CEB8-425F-AC73-22873459B175}.Debug|x64.Build.0 = Debug|Any CPU
		{AF4084BF-CEB8-425F-AC73-22873459B175}.Release|Any CPU.ActiveCfg = Release|Any CPU
		{AF4084BF-CEB8-425F-AC73-22873459B175}.Release|Any CPU.Build.0 = Release|Any CPU
		{AF4084BF-CEB8-425F-AC73-22873459B175}.Release|x64.ActiveCfg = Release|Any CPU
		{AF4084BF-CEB8-425F-AC73-22873459B175}.Release|x64.Build.0 = Release|Any CPU
		{B98B809C-BE32-417B-AEC4-4917A12B722E}.Debug|Any CPU.ActiveCfg = Debug|Any CPU
		{B98B809C-BE32-417B-AEC4-4917A12B722E}.Debug|Any CPU.Build.0 = Debug|Any CPU
		{B98B809C-BE32-417B-AEC4-4917A12B722E}.Debug|x64.ActiveCfg = Debug|Any CPU
		{B98B809C-BE32-417B-AEC4-4917A12B722E}.Debug|x64.Build.0 = Debug|Any CPU
		{B98B809C-BE32-417B-AEC4-4917A12B722E}.Release|Any CPU.ActiveCfg = Release|Any CPU
		{B98B809C-BE32-417B-AEC4-4917A12B722E}.Release|Any CPU.Build.0 = Release|Any CPU
		{B98B809C-BE32-417B-AEC4-4917A12B722E}.Release|x64.ActiveCfg = Release|Any CPU
		{B98B809C-BE32-417B-AEC4-4917A12B722E}.Release|x64.Build.0 = Release|Any CPU
		{1CDD1082-52A6-48A3-A5C0-0132999502D9}.Debug|Any CPU.ActiveCfg = Debug|Any CPU
		{1CDD1082-52A6-48A3-A5C0-0132999502D9}.Debug|Any CPU.Build.0 = Debug|Any CPU
		{1CDD1082-52A6-48A3-A5C0-0132999502D9}.Debug|x64.ActiveCfg = Debug|Any CPU
		{1CDD1082-52A6-48A3-A5C0-0132999502D9}.Debug|x64.Build.0 = Debug|Any CPU
		{1CDD1082-52A6-48A3-A5C0-0132999502D9}.Release|Any CPU.ActiveCfg = Release|Any CPU
		{1CDD1082-52A6-48A3-A5C0-0132999502D9}.Release|Any CPU.Build.0 = Release|Any CPU
		{1CDD1082-52A6-48A3-A5C0-0132999502D9}.Release|x64.ActiveCfg = Release|Any CPU
		{1CDD1082-52A6-48A3-A5C0-0132999502D9}.Release|x64.Build.0 = Release|Any CPU
	EndGlobalSection
	GlobalSection(SolutionProperties) = preSolution
		HideSolutionNode = FALSE
	EndGlobalSection
	GlobalSection(ExtensibilityGlobals) = postSolution
		SolutionGuid = {0A34AACA-3A2D-40DE-B582-3605EFC4191E}
	EndGlobalSection
EndGlobal
